
Microsoft Visual Studio Solution File, Format Version 12.00
# Visual Studio Version 17
VisualStudioVersion = 17.2.32516.85
MinimumVisualStudioVersion = 10.0.40219.1
Project("{9A19103F-16F7-4668-BE54-9A1E7A4F7556}") = "MarsRover", "MarsRover\MarsRover.csproj", "{82690907-5EE6-40E7-AEB6-E536168ACE80}"
EndProject
Project("{FAE04EC0-301F-11D3-BF4B-00C04F79EFBC}") = "MarsRoverTest", "MarsRoverTest\MarsRoverTest.csproj", "{2E74FFB6-0261-4646-B5B9-C1823D00187E}"
EndProject
Global
	GlobalSection(SolutionConfigurationPlatforms) = preSolution
		Debug|Any CPU = Debug|Any CPU
		Release|Any CPU = Release|Any CPU
	EndGlobalSection
	GlobalSection(ProjectConfigurationPlatforms) = postSolution
		{82690907-5EE6-40E7-AEB6-E536168ACE80}.Debug|Any CPU.ActiveCfg = Debug|Any CPU
		{82690907-5EE6-40E7-AEB6-E536168ACE80}.Debug|Any CPU.Build.0 = Debug|Any CPU
		{82690907-5EE6-40E7-AEB6-E536168ACE80}.Release|Any CPU.ActiveCfg = Release|Any CPU
		{82690907-5EE6-40E7-AEB6-E536168ACE80}.Release|Any CPU.Build.0 = Release|Any CPU
		{2E74FFB6-0261-4646-B5B9-C1823D00187E}.Debug|Any CPU.ActiveCfg = Debug|Any CPU
		{2E74FFB6-0261-4646-B5B9-C1823D00187E}.Debug|Any CPU.Build.0 = Debug|Any CPU
		{2E74FFB6-0261-4646-B5B9-C1823D00187E}.Release|Any CPU.ActiveCfg = Release|Any CPU
		{2E74FFB6-0261-4646-B5B9-C1823D00187E}.Release|Any CPU.Build.0 = Release|Any CPU
	EndGlobalSection
	GlobalSection(SolutionProperties) = preSolution
		HideSolutionNode = FALSE
	EndGlobalSection
	GlobalSection(ExtensibilityGlobals) = postSolution
		SolutionGuid = {9DF44AE1-F2EA-4FC9-B1FD-09DDDF5AD1B3}
	EndGlobalSection
EndGlobal
